
Microsoft Visual Studio Solution File, Format Version 12.00
# Visual Studio Version 17
VisualStudioVersion = 17.3.32825.248
MinimumVisualStudioVersion = 10.0.40219.1
Project("{9A19103F-16F7-4668-BE54-9A1E7A4F7556}") = "Salud_Amigos.Api", "Salud_Amigos.API\Salud_Amigos.Api.csproj", "{5F6E409D-72A7-4432-BA83-E1E08A1325A4}"
EndProject
Project("{00D1A9C2-B5F0-4AF3-8072-F6C62B433612}") = "Salud_Amiogos.SqlDb", "Salud_Amiogos.SqlDb\Salud_Amiogos.SqlDb.sqlproj", "{5AEDC615-E616-4DE3-8ECE-228DC20899E5}"
EndProject
Project("{9A19103F-16F7-4668-BE54-9A1E7A4F7556}") = "Salud_Amigos.App", "Salud_Amigos.App\Salud_Amigos.App.csproj", "{7177AC92-FFC9-40F8-99C7-2726440CE910}"
EndProject
Project("{9A19103F-16F7-4668-BE54-9A1E7A4F7556}") = "Salud_Amigos.Storage", "Salud_Amigos.Storage\Salud_Amigos.Storage.csproj", "{148A0F39-828A-4BD9-8386-4828C90A7D9E}"
EndProject
Global
	GlobalSection(SolutionConfigurationPlatforms) = preSolution
		Debug|Any CPU = Debug|Any CPU
		Release|Any CPU = Release|Any CPU
	EndGlobalSection
	GlobalSection(ProjectConfigurationPlatforms) = postSolution
		{5F6E409D-72A7-4432-BA83-E1E08A1325A4}.Debug|Any CPU.ActiveCfg = Debug|Any CPU
		{5F6E409D-72A7-4432-BA83-E1E08A1325A4}.Debug|Any CPU.Build.0 = Debug|Any CPU
		{5F6E409D-72A7-4432-BA83-E1E08A1325A4}.Release|Any CPU.ActiveCfg = Release|Any CPU
		{5F6E409D-72A7-4432-BA83-E1E08A1325A4}.Release|Any CPU.Build.0 = Release|Any CPU
		{5AEDC615-E616-4DE3-8ECE-228DC20899E5}.Debug|Any CPU.ActiveCfg = Debug|Any CPU
		{5AEDC615-E616-4DE3-8ECE-228DC20899E5}.Debug|Any CPU.Build.0 = Debug|Any CPU
		{5AEDC615-E616-4DE3-8ECE-228DC20899E5}.Debug|Any CPU.Deploy.0 = Debug|Any CPU
		{5AEDC615-E616-4DE3-8ECE-228DC20899E5}.Release|Any CPU.ActiveCfg = Release|Any CPU
		{5AEDC615-E616-4DE3-8ECE-228DC20899E5}.Release|Any CPU.Build.0 = Release|Any CPU
		{5AEDC615-E616-4DE3-8ECE-228DC20899E5}.Release|Any CPU.Deploy.0 = Release|Any CPU
		{7177AC92-FFC9-40F8-99C7-2726440CE910}.Debug|Any CPU.ActiveCfg = Debug|Any CPU
		{7177AC92-FFC9-40F8-99C7-2726440CE910}.Debug|Any CPU.Build.0 = Debug|Any CPU
		{7177AC92-FFC9-40F8-99C7-2726440CE910}.Release|Any CPU.ActiveCfg = Release|Any CPU
		{7177AC92-FFC9-40F8-99C7-2726440CE910}.Release|Any CPU.Build.0 = Release|Any CPU
		{148A0F39-828A-4BD9-8386-4828C90A7D9E}.Debug|Any CPU.ActiveCfg = Debug|Any CPU
		{148A0F39-828A-4BD9-8386-4828C90A7D9E}.Debug|Any CPU.Build.0 = Debug|Any CPU
		{148A0F39-828A-4BD9-8386-4828C90A7D9E}.Release|Any CPU.ActiveCfg = Release|Any CPU
		{148A0F39-828A-4BD9-8386-4828C90A7D9E}.Release|Any CPU.Build.0 = Release|Any CPU
	EndGlobalSection
	GlobalSection(SolutionProperties) = preSolution
		HideSolutionNode = FALSE
	EndGlobalSection
	GlobalSection(ExtensibilityGlobals) = postSolution
		SolutionGuid = {54A224DE-B332-4905-B0F0-81898AB75069}
	EndGlobalSection
EndGlobal
